
Microsoft Visual Studio Solution File, Format Version 12.00
# Visual Studio Version 17
VisualStudioVersion = 17.5.33502.453
MinimumVisualStudioVersion = 10.0.40219.1
Project("{FAE04EC0-301F-11D3-BF4B-00C04F79EFBC}") = "RadiantBeautyStudio", "RadiantBeautyStudio\RadiantBeautyStudio.csproj", "{81EE7113-1B7F-4A37-AF3D-74D9F5D573B3}"
EndProject
Global
	GlobalSection(SolutionConfigurationPlatforms) = preSolution
		Debug|Any CPU = Debug|Any CPU
		Release|Any CPU = Release|Any CPU
	EndGlobalSection
	GlobalSection(ProjectConfigurationPlatforms) = postSolution
		{81EE7113-1B7F-4A37-AF3D-74D9F5D573B3}.Debug|Any CPU.ActiveCfg = Debug|Any CPU
		{81EE7113-1B7F-4A37-AF3D-74D9F5D573B3}.Debug|Any CPU.Build.0 = Debug|Any CPU
		{81EE7113-1B7F-4A37-AF3D-74D9F5D573B3}.Release|Any CPU.ActiveCfg = Release|Any CPU
		{81EE7113-1B7F-4A37-AF3D-74D9F5D573B3}.Release|Any CPU.Build.0 = Release|Any CPU
	EndGlobalSection
	GlobalSection(SolutionProperties) = preSolution
		HideSolutionNode = FALSE
	EndGlobalSection
	GlobalSection(ExtensibilityGlobals) = postSolution
		SolutionGuid = {BA01F0C7-A6EC-4BDC-B338-48D9C929314F}
	EndGlobalSection
EndGlobal
